<?xml version="1.0" encoding="utf-8"?>
<Project ToolsVersion="4.0" xmlns="http://schemas.microsoft.com/developer/msbuild/2003">
  <ItemGroup>
    <Filter Include="files">
      <UniqueIdentifier>{8c89d7b8-095d-4502-8427-72c5e0d13b37}</UniqueIdentifier>
    </Filter>
    <Filter Include="files\stl">
      <UniqueIdentifier>{062b6f02-06e2-4a40-a666-50a9263b2678}</UniqueIdentifier>
    </Filter>
    <Filter Include="files\feature">
      <UniqueIdentifier>{10c4d43f-a5de-4305-bc29-71eea501834e}</UniqueIdentifier>
    </Filter>
    <Filter Include="files\feature\communication">
      <UniqueIdentifier>{03b5eaa8-b399-41d7-93c0-66188c9027fe}</UniqueIdentifier>
    </Filter>
    <Filter Include="files\feature\callback">
      <UniqueIdentifier>{fc74c0f5-c3be-4541-b6d6-098948f712ff}</UniqueIdentifier>
    </Filter>
    <Filter Include="files\util">
      <UniqueIdentifier>{2560c0e2-daf0-4c6c-8711-515359ea3e17}</UniqueIdentifier>
    </Filter>
    <Filter Include="files\util\memory">
      <UniqueIdentifier>{35858373-3879-42e8-80ad-6b46b1e1caa0}</UniqueIdentifier>
    </Filter>
    <Filter Include="files\feature\callback\object">
      <UniqueIdentifier>{fdc29311-e0b1-4599-ab89-256f047f9ebb}</UniqueIdentifier>
    </Filter>
    <Filter Include="files\feature\callback\process">
      <UniqueIdentifier>{9ee2695b-9efc-4776-a7e5-2ca5e1cb06fc}</UniqueIdentifier>
    </Filter>
    <Filter Include="files\lib">
      <UniqueIdentifier>{c8c24acf-150e-4ab4-b6c9-0f12d961b6ff}</UniqueIdentifier>
    </Filter>
    <Filter Include="files\lib\infinity_hook">
      <UniqueIdentifier>{91504bfd-82a8-46e7-a6a3-13efa7d5091f}</UniqueIdentifier>
    </Filter>
    <Filter Include="files\feature\hook">
      <UniqueIdentifier>{6af0dbae-a2f7-4e7a-b09e-02a771ae17bb}</UniqueIdentifier>
    </Filter>
    <Filter Include="files\util\native">
      <UniqueIdentifier>{62e281c2-7719-4da8-bc66-d4dcb1e2283f}</UniqueIdentifier>
    </Filter>
    <Filter Include="files\feature\hook\infinity_hook">
      <UniqueIdentifier>{c7e7575f-5af9-455a-b59c-a5e49e928f80}</UniqueIdentifier>
    </Filter>
    <Filter Include="files\feature\hook\inline_hook">
      <UniqueIdentifier>{49f4220a-5459-49d5-a61d-738547818ff9}</UniqueIdentifier>
    </Filter>
    <Filter Include="files\feature\callback\image">
      <UniqueIdentifier>{96118188-0dfd-4076-aebb-d39f46d011ce}</UniqueIdentifier>
    </Filter>
    <Filter Include="files\util\system">
      <UniqueIdentifier>{115da9c2-f861-4885-a4aa-a618ffee309f}</UniqueIdentifier>
    </Filter>
    <Filter Include="files\util\concurrent">
      <UniqueIdentifier>{4e38806d-a86d-4ea4-9768-205014e5e90c}</UniqueIdentifier>
    </Filter>
    <Filter Include="files\util\extern">
      <UniqueIdentifier>{ca740335-0a47-4a4a-9722-e3424ccb44f4}</UniqueIdentifier>
    </Filter>
    <Filter Include="files\feature\guard">
      <UniqueIdentifier>{8016eb9b-3b55-4c26-bd34-9824428bb3d8}</UniqueIdentifier>
    </Filter>
    <Filter Include="files\feature\callback\thread">
      <UniqueIdentifier>{6aa3de3b-ad86-472f-be36-f917cb742b98}</UniqueIdentifier>
    </Filter>
    <Filter Include="files\lib\lde">
      <UniqueIdentifier>{d24e7330-ca8e-4ad1-bbab-469b59e33079}</UniqueIdentifier>
    </Filter>
    <Filter Include="files\lib\nmd_assembly">
      <UniqueIdentifier>{26c34ff1-2784-4c73-aaf7-725f941a084c}</UniqueIdentifier>
    </Filter>
    <Filter Include="files\util\io">
      <UniqueIdentifier>{80e9498d-3e77-4ed3-8422-a928b8a96acf}</UniqueIdentifier>
    </Filter>
    <Filter Include="files\util\native\compatibility">
      <UniqueIdentifier>{7e1f8d9e-3560-4e5e-8a18-67e133bfef1a}</UniqueIdentifier>
    </Filter>
    <Filter Include="files\util\native\compatibility\native">
      <UniqueIdentifier>{df701493-461d-4970-9772-6302ef47edb6}</UniqueIdentifier>
    </Filter>
    <Filter Include="files\util\native\compatibility\native\native_struct">
      <UniqueIdentifier>{134e57e3-c509-4f28-b608-7ab9084a2de9}</UniqueIdentifier>
    </Filter>
    <Filter Include="files\util\core">
      <UniqueIdentifier>{cb621a83-9d2c-4bc3-880d-a2388163516a}</UniqueIdentifier>
    </Filter>
    <Filter Include="files\util\core\string">
      <UniqueIdentifier>{ae7f43e4-9320-4297-b9a9-27af95528d33}</UniqueIdentifier>
    </Filter>
    <Filter Include="files\util\core\secure">
      <UniqueIdentifier>{6327ed74-41ed-478f-8326-6adda783975f}</UniqueIdentifier>
    </Filter>
    <Filter Include="files\util\core\secure\crc32">
      <UniqueIdentifier>{710f116e-d590-4228-9bd4-2b01e393a2a4}</UniqueIdentifier>
    </Filter>
    <Filter Include="files\util\native\process">
      <UniqueIdentifier>{722b03d1-078c-4380-878a-927ab5d4bad0}</UniqueIdentifier>
    </Filter>
    <Filter Include="files\util\native\ssdt">
      <UniqueIdentifier>{9348be8e-f9d4-42e3-aa2d-5c0e284bc312}</UniqueIdentifier>
    </Filter>
    <Filter Include="files\util\native\thread">
      <UniqueIdentifier>{77c3a989-86f4-4efa-9c34-c5ff0d427978}</UniqueIdentifier>
    </Filter>
    <Filter Include="files\util\native\handle">
      <UniqueIdentifier>{b38b7d7d-643a-45e7-9425-6e08f239db5a}</UniqueIdentifier>
    </Filter>
  </ItemGroup>
  <ItemGroup>
    <ClCompile Include="communication.cpp">
      <Filter>files\feature\communication</Filter>
    </ClCompile>
    <ClCompile Include="procedure.cpp">
      <Filter>files\util\extern</Filter>
    </ClCompile>
    <ClCompile Include="process.cpp">
      <Filter>files\util\native\process</Filter>
    </ClCompile>
    <ClCompile Include="memory.cpp">
      <Filter>files\util\memory</Filter>
    </ClCompile>
    <ClCompile Include="process_guard.cpp">
      <Filter>files\feature\guard</Filter>
    </ClCompile>
    <ClCompile Include="util.cpp">
      <Filter>files\util</Filter>
    </ClCompile>
    <ClCompile Include="thread.cpp">
      <Filter>files\util\native\thread</Filter>
    </ClCompile>
    <ClCompile Include="object_callback.cpp">
      <Filter>files\feature\callback\object</Filter>
    </ClCompile>
    <ClCompile Include="process_callback.cpp">
      <Filter>files\feature\callback\process</Filter>
    </ClCompile>
    <ClCompile Include="handle.cpp">
      <Filter>files\util\native\handle</Filter>
    </ClCompile>
    <ClCompile Include="main.cpp">
      <Filter>files</Filter>
    </ClCompile>
    <ClCompile Include="compatibility.cpp">
      <Filter>files\util\native\compatibility</Filter>
    </ClCompile>
    <ClCompile Include="hde64.cpp">
      <Filter>files\lib\infinity_hook</Filter>
    </ClCompile>
    <ClCompile Include="hook.cpp">
      <Filter>files\lib\infinity_hook</Filter>
    </ClCompile>
    <ClCompile Include="extern.cpp">
      <Filter>files\util\extern</Filter>
    </ClCompile>
    <ClCompile Include="infinity_hook.cpp">
      <Filter>files\feature\hook\infinity_hook</Filter>
    </ClCompile>
    <ClCompile Include="inline_hook.cpp">
      <Filter>files\feature\hook\inline_hook</Filter>
    </ClCompile>
    <ClCompile Include="ssdt.cpp">
      <Filter>files\util\native\ssdt</Filter>
    </ClCompile>
    <ClCompile Include="image_callback.cpp">
      <Filter>files\feature\callback\image</Filter>
    </ClCompile>
    <ClCompile Include="system.cpp">
      <Filter>files\util\system</Filter>
    </ClCompile>
    <ClCompile Include="lde.cpp">
      <Filter>files\lib\lde</Filter>
    </ClCompile>
    <ClCompile Include="thread_callback.cpp">
      <Filter>files\feature\callback\thread</Filter>
    </ClCompile>
    <ClCompile Include="io.cpp">
      <Filter>files\util\io</Filter>
    </ClCompile>
    <ClCompile Include="core.cpp">
      <Filter>files\util\core</Filter>
    </ClCompile>
    <ClCompile Include="string_literap.cpp">
      <Filter>files\util\core\string</Filter>
    </ClCompile>
    <ClCompile Include="string_builder.cpp">
      <Filter>files\util\core\string</Filter>
    </ClCompile>
    <ClCompile Include="crc32.cpp">
      <Filter>files\util\core\secure\crc32</Filter>
    </ClCompile>
  </ItemGroup>
  <ItemGroup>
    <ClInclude Include="main.hpp">
      <Filter>files</Filter>
    </ClInclude>
    <ClInclude Include="kernel_stl.hpp">
      <Filter>files\stl</Filter>
    </ClInclude>
    <ClInclude Include="communication.hpp">
      <Filter>files\feature\communication</Filter>
    </ClInclude>
    <ClInclude Include="process.hpp">
      <Filter>files\util\native\process</Filter>
    </ClInclude>
    <ClInclude Include="procedure.hpp">
      <Filter>files\util\extern</Filter>
    </ClInclude>
    <ClInclude Include="memory.hpp">
      <Filter>files\util\memory</Filter>
    </ClInclude>
    <ClInclude Include="process_guard.hpp">
      <Filter>files\feature\guard</Filter>
    </ClInclude>
    <ClInclude Include="util.hpp">
      <Filter>files\util</Filter>
    </ClInclude>
    <ClInclude Include="thread.hpp">
      <Filter>files\util\native\thread</Filter>
    </ClInclude>
    <ClInclude Include="object_callback.hpp">
      <Filter>files\feature\callback\object</Filter>
    </ClInclude>
    <ClInclude Include="process_callback.hpp">
      <Filter>files\feature\callback\process</Filter>
    </ClInclude>
    <ClInclude Include="handle.hpp">
      <Filter>files\util\native\handle</Filter>
    </ClInclude>
    <ClInclude Include="compatibility.hpp">
      <Filter>files\util\native\compatibility</Filter>
    </ClInclude>
    <ClInclude Include="hde64.h">
      <Filter>files\lib\infinity_hook</Filter>
    </ClInclude>
    <ClInclude Include="headers.hpp">
      <Filter>files\lib\infinity_hook</Filter>
    </ClInclude>
    <ClInclude Include="imports.hpp">
      <Filter>files\lib\infinity_hook</Filter>
    </ClInclude>
    <ClInclude Include="pstdint.h">
      <Filter>files\lib\infinity_hook</Filter>
    </ClInclude>
    <ClInclude Include="table64.h">
      <Filter>files\lib\infinity_hook</Filter>
    </ClInclude>
    <ClInclude Include="utils.hpp">
      <Filter>files\lib\infinity_hook</Filter>
    </ClInclude>
    <ClInclude Include="hook.hpp">
      <Filter>files\lib\infinity_hook</Filter>
    </ClInclude>
    <ClInclude Include="extern.hpp">
      <Filter>files\util\extern</Filter>
    </ClInclude>
    <ClInclude Include="pestructs.hpp">
      <Filter>files\util\native\compatibility\native</Filter>
    </ClInclude>
    <ClInclude Include="native_enum.hpp">
      <Filter>files\util\native\compatibility\native</Filter>
    </ClInclude>
    <ClInclude Include="native_struct.hpp">
      <Filter>files\util\native\compatibility\native</Filter>
    </ClInclude>
    <ClInclude Include="native_struct10.hpp">
      <Filter>files\util\native\compatibility\native\native_struct</Filter>
    </ClInclude>
    <ClInclude Include="native_struct81.hpp">
      <Filter>files\util\native\compatibility\native\native_struct</Filter>
    </ClInclude>
    <ClInclude Include="native_sturct8.hpp">
      <Filter>files\util\native\compatibility\native\native_struct</Filter>
    </ClInclude>
    <ClInclude Include="native_struct7.hpp">
      <Filter>files\util\native\compatibility\native\native_struct</Filter>
    </ClInclude>
    <ClInclude Include="infinity_hook.hpp">
      <Filter>files\feature\hook\infinity_hook</Filter>
    </ClInclude>
    <ClInclude Include="inline_hook.hpp">
      <Filter>files\feature\hook\inline_hook</Filter>
    </ClInclude>
    <ClInclude Include="ssdt.hpp">
      <Filter>files\util\native\ssdt</Filter>
    </ClInclude>
    <ClInclude Include="image_callback.hpp">
      <Filter>files\feature\callback\image</Filter>
    </ClInclude>
    <ClInclude Include="system.hpp">
      <Filter>files\util\system</Filter>
    </ClInclude>
    <ClInclude Include="concurrent.hpp">
      <Filter>files\util\concurrent</Filter>
    </ClInclude>
    <ClInclude Include="lde.hpp">
      <Filter>files\lib\lde</Filter>
    </ClInclude>
    <ClInclude Include="thread_callback.hpp">
      <Filter>files\feature\callback\thread</Filter>
    </ClInclude>
    <ClInclude Include="nmd_assembly.hpp">
      <Filter>files\lib\nmd_assembly</Filter>
    </ClInclude>
    <ClInclude Include="io.hpp">
      <Filter>files\util\io</Filter>
    </ClInclude>
    <ClInclude Include="core.hpp">
      <Filter>files\util\core</Filter>
    </ClInclude>
    <ClInclude Include="string_literal.hpp">
      <Filter>files\util\core\string</Filter>
    </ClInclude>
    <ClInclude Include="string_builder.hpp">
      <Filter>files\util\core\string</Filter>
    </ClInclude>
    <ClInclude Include="crc32.hpp">
      <Filter>files\util\core\secure\crc32</Filter>
    </ClInclude>
    <ClInclude Include="pch.hpp">
      <Filter>files</Filter>
    </ClInclude>
  </ItemGroup>
</Project>